
Microsoft Visual Studio Solution File, Format Version 12.00
# Visual Studio Version 16
VisualStudioVersion = 16.0.30104.148
MinimumVisualStudioVersion = 10.0.40219.1
Project("{9A19103F-16F7-4668-BE54-9A1E7A4F7556}") = "PrimerRegistro", "PrimerRegistro.csproj", "{254D772C-0736-4A73-9ACD-498812E8AC21}"
EndProject
Global
	GlobalSection(SolutionConfigurationPlatforms) = preSolution
		Debug|Any CPU = Debug|Any CPU
		Release|Any CPU = Release|Any CPU
	EndGlobalSection
	GlobalSection(ProjectConfigurationPlatforms) = postSolution
		{254D772C-0736-4A73-9ACD-498812E8AC21}.Debug|Any CPU.ActiveCfg = Debug|Any CPU
		{254D772C-0736-4A73-9ACD-498812E8AC21}.Debug|Any CPU.Build.0 = Debug|Any CPU
		{254D772C-0736-4A73-9ACD-498812E8AC21}.Release|Any CPU.ActiveCfg = Release|Any CPU
		{254D772C-0736-4A73-9ACD-498812E8AC21}.Release|Any CPU.Build.0 = Release|Any CPU
	EndGlobalSection
	GlobalSection(SolutionProperties) = preSolution
		HideSolutionNode = FALSE
	EndGlobalSection
	GlobalSection(ExtensibilityGlobals) = postSolution
		SolutionGuid = {1ECB62D2-1F0E-4ECF-9C6E-8F4FD7384021}
	EndGlobalSection
EndGlobal
